// !$*UTF8*$!
{
	archiveVersion = 1;
	classes = {
	};
	objectVersion = 51;
	objects = {

/* Begin PBXBuildFile section */
		76A1DB5B46AF24F15E623FD3 /* Pods_yeonguham.framework in Frameworks */ = {isa = PBXBuildFile; fileRef = B0D4B1864F3287566088F29A /* Pods_yeonguham.framework */; };
		CC100BC82695CEC8005EED21 /* GmarketSansTTFLight.ttf in Resources */ = {isa = PBXBuildFile; fileRef = CC100BC52695CEC8005EED21 /* GmarketSansTTFLight.ttf */; };
		CC100BC92695CEC8005EED21 /* GmarketSansTTFMedium.ttf in Resources */ = {isa = PBXBuildFile; fileRef = CC100BC62695CEC8005EED21 /* GmarketSansTTFMedium.ttf */; };
		CC100BCA2695CEC8005EED21 /* GmarketSansTTFBold.ttf in Resources */ = {isa = PBXBuildFile; fileRef = CC100BC72695CEC8005EED21 /* GmarketSansTTFBold.ttf */; };
		CC100BCE2695D0AE005EED21 /* SignUpTextField.swift in Sources */ = {isa = PBXBuildFile; fileRef = CC100BCD2695D0AE005EED21 /* SignUpTextField.swift */; };
		CC100BD72695E1E5005EED21 /* EmailValidationViewController.swift in Sources */ = {isa = PBXBuildFile; fileRef = CC100BD62695E1E5005EED21 /* EmailValidationViewController.swift */; };
		CC100BD92695E20C005EED21 /* EmailValidation.storyboard in Resources */ = {isa = PBXBuildFile; fileRef = CC100BD82695E20C005EED21 /* EmailValidation.storyboard */; };
		CC21948A26C3DF6200358FE2 /* TestViewController.swift in Sources */ = {isa = PBXBuildFile; fileRef = CC21948926C3DF6200358FE2 /* TestViewController.swift */; };
		CC21948E26C3E32400358FE2 /* ResearchCreateViewController.swift in Sources */ = {isa = PBXBuildFile; fileRef = CC21948D26C3E32400358FE2 /* ResearchCreateViewController.swift */; };
		CC21949126C3E6A300358FE2 /* UnderlinedTextField.swift in Sources */ = {isa = PBXBuildFile; fileRef = CC21949026C3E6A300358FE2 /* UnderlinedTextField.swift */; };
		CC21949326C3E75000358FE2 /* UIColor+Extension.swift in Sources */ = {isa = PBXBuildFile; fileRef = CC21949226C3E75000358FE2 /* UIColor+Extension.swift */; };
		CC21949526C3E8ED00358FE2 /* UIFont+Extension.swift in Sources */ = {isa = PBXBuildFile; fileRef = CC21949426C3E8ED00358FE2 /* UIFont+Extension.swift */; };
		CC21949726C4096700358FE2 /* CalenderDatePicker.swift in Sources */ = {isa = PBXBuildFile; fileRef = CC21949626C4096700358FE2 /* CalenderDatePicker.swift */; };
		CC437F12265E061000FBD42D /* NotoSansKR-Regular.otf in Resources */ = {isa = PBXBuildFile; fileRef = CC437F09265E061000FBD42D /* NotoSansKR-Regular.otf */; };
		CC437F13265E061000FBD42D /* NotoSansKR-Black.otf in Resources */ = {isa = PBXBuildFile; fileRef = CC437F0A265E061000FBD42D /* NotoSansKR-Black.otf */; };
		CC437F16265E061000FBD42D /* NotoSansKR-Light.otf in Resources */ = {isa = PBXBuildFile; fileRef = CC437F0D265E061000FBD42D /* NotoSansKR-Light.otf */; };
		CC437F17265E061000FBD42D /* NotoSansKR-Thin.otf in Resources */ = {isa = PBXBuildFile; fileRef = CC437F0E265E061000FBD42D /* NotoSansKR-Thin.otf */; };
		CC437F19265E061000FBD42D /* NotoSansKR-Medium.otf in Resources */ = {isa = PBXBuildFile; fileRef = CC437F10265E061000FBD42D /* NotoSansKR-Medium.otf */; };
		CC437F1A265E061000FBD42D /* NotoSansKR-Bold.otf in Resources */ = {isa = PBXBuildFile; fileRef = CC437F11265E061000FBD42D /* NotoSansKR-Bold.otf */; };
		CC437F1E265E0F6900FBD42D /* UIView+Extension.swift in Sources */ = {isa = PBXBuildFile; fileRef = CC437F1D265E0F6900FBD42D /* UIView+Extension.swift */; };
		CC437F20265E0FAA00FBD42D /* MainViewController.swift in Sources */ = {isa = PBXBuildFile; fileRef = CC437F1F265E0FAA00FBD42D /* MainViewController.swift */; };
		CC437F22265E0FBF00FBD42D /* Const.swift in Sources */ = {isa = PBXBuildFile; fileRef = CC437F21265E0FBF00FBD42D /* Const.swift */; };
		CC437F24265E0FCF00FBD42D /* Storyboard.swift in Sources */ = {isa = PBXBuildFile; fileRef = CC437F23265E0FCF00FBD42D /* Storyboard.swift */; };
		CC437F28265E16AC00FBD42D /* NicknameViewController.swift in Sources */ = {isa = PBXBuildFile; fileRef = CC437F27265E16AC00FBD42D /* NicknameViewController.swift */; };
		CC485014265D55AF003BCE67 /* Launch Screen.storyboard in Resources */ = {isa = PBXBuildFile; fileRef = CC485013265D55AF003BCE67 /* Launch Screen.storyboard */; };
		CC8FDEFD265D45EB00E3FE3B /* AppDelegate.swift in Sources */ = {isa = PBXBuildFile; fileRef = CC8FDEFC265D45EB00E3FE3B /* AppDelegate.swift */; };
		CC8FDEFF265D45EB00E3FE3B /* SceneDelegate.swift in Sources */ = {isa = PBXBuildFile; fileRef = CC8FDEFE265D45EB00E3FE3B /* SceneDelegate.swift */; };
		CC8FDF01265D45EB00E3FE3B /* ViewController.swift in Sources */ = {isa = PBXBuildFile; fileRef = CC8FDF00265D45EB00E3FE3B /* ViewController.swift */; };
		CC8FDF04265D45EB00E3FE3B /* Main.storyboard in Resources */ = {isa = PBXBuildFile; fileRef = CC8FDF02265D45EB00E3FE3B /* Main.storyboard */; };
		CC8FDF06265D45ED00E3FE3B /* Assets.xcassets in Resources */ = {isa = PBXBuildFile; fileRef = CC8FDF05265D45ED00E3FE3B /* Assets.xcassets */; };
		CC8FDF1D265D472600E3FE3B /* Colors.xcassets in Resources */ = {isa = PBXBuildFile; fileRef = CC8FDF1C265D472600E3FE3B /* Colors.xcassets */; };
		CC902C5226CCE7C60017B28F /* LongHorizontalButton.swift in Sources */ = {isa = PBXBuildFile; fileRef = CC902C5126CCE7C60017B28F /* LongHorizontalButton.swift */; };
		CC902C5426CCEF690017B28F /* UIButton+Extension.swift in Sources */ = {isa = PBXBuildFile; fileRef = CC902C5326CCEF690017B28F /* UIButton+Extension.swift */; };
		CC902C5626CD04BA0017B28F /* UIViewController+Extension.swift in Sources */ = {isa = PBXBuildFile; fileRef = CC902C5526CD04BA0017B28F /* UIViewController+Extension.swift */; };
		CC902C5B26CD1ACA0017B28F /* Research.swift in Sources */ = {isa = PBXBuildFile; fileRef = CC902C5926CD1AC90017B28F /* Research.swift */; };
		CC902C5C26CD1ACA0017B28F /* DictionaryEncodable.swift in Sources */ = {isa = PBXBuildFile; fileRef = CC902C5A26CD1ACA0017B28F /* DictionaryEncodable.swift */; };
		CC902C5F26CD1AD40017B28F /* ResearchAPI.swift in Sources */ = {isa = PBXBuildFile; fileRef = CC902C5D26CD1AD40017B28F /* ResearchAPI.swift */; };
		CC902C6026CD1AD40017B28F /* BaseAPI.swift in Sources */ = {isa = PBXBuildFile; fileRef = CC902C5E26CD1AD40017B28F /* BaseAPI.swift */; };
		CC902C6226CD1E540017B28F /* EmailEntryViewController.swift in Sources */ = {isa = PBXBuildFile; fileRef = CC902C6126CD1E540017B28F /* EmailEntryViewController.swift */; };
		CC902C6426CD20600017B28F /* String+Extension.swift in Sources */ = {isa = PBXBuildFile; fileRef = CC902C6326CD20600017B28F /* String+Extension.swift */; };
		CCC274F926994469003F2CF1 /* GoogleService-Info.plist in Resources */ = {isa = PBXBuildFile; fileRef = CCC274F826994469003F2CF1 /* GoogleService-Info.plist */; };
		CCC274FC2699578E003F2CF1 /* FirebaseAuthentication.swift in Sources */ = {isa = PBXBuildFile; fileRef = CCC274FB2699578E003F2CF1 /* FirebaseAuthentication.swift */; };
/* End PBXBuildFile section */

/* Begin PBXFileReference section */
		017299EB97E34B7CECB9DC28 /* Pods-yeonguham.debug.xcconfig */ = {isa = PBXFileReference; includeInIndex = 1; lastKnownFileType = text.xcconfig; name = "Pods-yeonguham.debug.xcconfig"; path = "Target Support Files/Pods-yeonguham/Pods-yeonguham.debug.xcconfig"; sourceTree = "<group>"; };
		9F12412BDD7B22C18375369C /* Pods-yeonguham.release.xcconfig */ = {isa = PBXFileReference; includeInIndex = 1; lastKnownFileType = text.xcconfig; name = "Pods-yeonguham.release.xcconfig"; path = "Target Support Files/Pods-yeonguham/Pods-yeonguham.release.xcconfig"; sourceTree = "<group>"; };
		B0D4B1864F3287566088F29A /* Pods_yeonguham.framework */ = {isa = PBXFileReference; explicitFileType = wrapper.framework; includeInIndex = 0; path = Pods_yeonguham.framework; sourceTree = BUILT_PRODUCTS_DIR; };
		CC100BC52695CEC8005EED21 /* GmarketSansTTFLight.ttf */ = {isa = PBXFileReference; lastKnownFileType = file; path = GmarketSansTTFLight.ttf; sourceTree = "<group>"; };
		CC100BC62695CEC8005EED21 /* GmarketSansTTFMedium.ttf */ = {isa = PBXFileReference; lastKnownFileType = file; path = GmarketSansTTFMedium.ttf; sourceTree = "<group>"; };
		CC100BC72695CEC8005EED21 /* GmarketSansTTFBold.ttf */ = {isa = PBXFileReference; lastKnownFileType = file; path = GmarketSansTTFBold.ttf; sourceTree = "<group>"; };
		CC100BCD2695D0AE005EED21 /* SignUpTextField.swift */ = {isa = PBXFileReference; lastKnownFileType = sourcecode.swift; path = SignUpTextField.swift; sourceTree = "<group>"; };
		CC100BD62695E1E5005EED21 /* EmailValidationViewController.swift */ = {isa = PBXFileReference; lastKnownFileType = sourcecode.swift; path = EmailValidationViewController.swift; sourceTree = "<group>"; };
		CC100BD82695E20C005EED21 /* EmailValidation.storyboard */ = {isa = PBXFileReference; lastKnownFileType = file.storyboard; path = EmailValidation.storyboard; sourceTree = "<group>"; };
		CC21948926C3DF6200358FE2 /* TestViewController.swift */ = {isa = PBXFileReference; lastKnownFileType = sourcecode.swift; path = TestViewController.swift; sourceTree = "<group>"; };
		CC21948D26C3E32400358FE2 /* ResearchCreateViewController.swift */ = {isa = PBXFileReference; lastKnownFileType = sourcecode.swift; path = ResearchCreateViewController.swift; sourceTree = "<group>"; };
		CC21949026C3E6A300358FE2 /* UnderlinedTextField.swift */ = {isa = PBXFileReference; lastKnownFileType = sourcecode.swift; path = UnderlinedTextField.swift; sourceTree = "<group>"; };
		CC21949226C3E75000358FE2 /* UIColor+Extension.swift */ = {isa = PBXFileReference; lastKnownFileType = sourcecode.swift; path = "UIColor+Extension.swift"; sourceTree = "<group>"; };
		CC21949426C3E8ED00358FE2 /* UIFont+Extension.swift */ = {isa = PBXFileReference; lastKnownFileType = sourcecode.swift; path = "UIFont+Extension.swift"; sourceTree = "<group>"; };
		CC21949626C4096700358FE2 /* CalenderDatePicker.swift */ = {isa = PBXFileReference; lastKnownFileType = sourcecode.swift; path = CalenderDatePicker.swift; sourceTree = "<group>"; };
		CC437F09265E061000FBD42D /* NotoSansKR-Regular.otf */ = {isa = PBXFileReference; lastKnownFileType = file; path = "NotoSansKR-Regular.otf"; sourceTree = "<group>"; };
		CC437F0A265E061000FBD42D /* NotoSansKR-Black.otf */ = {isa = PBXFileReference; lastKnownFileType = file; path = "NotoSansKR-Black.otf"; sourceTree = "<group>"; };
		CC437F0D265E061000FBD42D /* NotoSansKR-Light.otf */ = {isa = PBXFileReference; lastKnownFileType = file; path = "NotoSansKR-Light.otf"; sourceTree = "<group>"; };
		CC437F0E265E061000FBD42D /* NotoSansKR-Thin.otf */ = {isa = PBXFileReference; lastKnownFileType = file; path = "NotoSansKR-Thin.otf"; sourceTree = "<group>"; };
		CC437F10265E061000FBD42D /* NotoSansKR-Medium.otf */ = {isa = PBXFileReference; lastKnownFileType = file; path = "NotoSansKR-Medium.otf"; sourceTree = "<group>"; };
		CC437F11265E061000FBD42D /* NotoSansKR-Bold.otf */ = {isa = PBXFileReference; lastKnownFileType = file; path = "NotoSansKR-Bold.otf"; sourceTree = "<group>"; };
		CC437F1D265E0F6900FBD42D /* UIView+Extension.swift */ = {isa = PBXFileReference; lastKnownFileType = sourcecode.swift; path = "UIView+Extension.swift"; sourceTree = "<group>"; };
		CC437F1F265E0FAA00FBD42D /* MainViewController.swift */ = {isa = PBXFileReference; lastKnownFileType = sourcecode.swift; path = MainViewController.swift; sourceTree = "<group>"; };
		CC437F21265E0FBF00FBD42D /* Const.swift */ = {isa = PBXFileReference; lastKnownFileType = sourcecode.swift; path = Const.swift; sourceTree = "<group>"; };
		CC437F23265E0FCF00FBD42D /* Storyboard.swift */ = {isa = PBXFileReference; lastKnownFileType = sourcecode.swift; path = Storyboard.swift; sourceTree = "<group>"; };
		CC437F27265E16AC00FBD42D /* NicknameViewController.swift */ = {isa = PBXFileReference; lastKnownFileType = sourcecode.swift; path = NicknameViewController.swift; sourceTree = "<group>"; };
		CC485013265D55AF003BCE67 /* Launch Screen.storyboard */ = {isa = PBXFileReference; lastKnownFileType = file.storyboard; path = "Launch Screen.storyboard"; sourceTree = "<group>"; };
		CC8FDEF9265D45EB00E3FE3B /* yeonguham.app */ = {isa = PBXFileReference; explicitFileType = wrapper.application; includeInIndex = 0; path = yeonguham.app; sourceTree = BUILT_PRODUCTS_DIR; };
		CC8FDEFC265D45EB00E3FE3B /* AppDelegate.swift */ = {isa = PBXFileReference; lastKnownFileType = sourcecode.swift; path = AppDelegate.swift; sourceTree = "<group>"; };
		CC8FDEFE265D45EB00E3FE3B /* SceneDelegate.swift */ = {isa = PBXFileReference; lastKnownFileType = sourcecode.swift; path = SceneDelegate.swift; sourceTree = "<group>"; };
		CC8FDF00265D45EB00E3FE3B /* ViewController.swift */ = {isa = PBXFileReference; lastKnownFileType = sourcecode.swift; path = ViewController.swift; sourceTree = "<group>"; };
		CC8FDF03265D45EB00E3FE3B /* Base */ = {isa = PBXFileReference; lastKnownFileType = file.storyboard; name = Base; path = Base.lproj/Main.storyboard; sourceTree = "<group>"; };
		CC8FDF05265D45ED00E3FE3B /* Assets.xcassets */ = {isa = PBXFileReference; lastKnownFileType = folder.assetcatalog; path = Assets.xcassets; sourceTree = "<group>"; };
		CC8FDF0A265D45ED00E3FE3B /* Info.plist */ = {isa = PBXFileReference; lastKnownFileType = text.plist.xml; path = Info.plist; sourceTree = "<group>"; };
		CC8FDF1C265D472600E3FE3B /* Colors.xcassets */ = {isa = PBXFileReference; lastKnownFileType = folder.assetcatalog; path = Colors.xcassets; sourceTree = "<group>"; };
		CC902C5126CCE7C60017B28F /* LongHorizontalButton.swift */ = {isa = PBXFileReference; lastKnownFileType = sourcecode.swift; path = LongHorizontalButton.swift; sourceTree = "<group>"; };
		CC902C5326CCEF690017B28F /* UIButton+Extension.swift */ = {isa = PBXFileReference; lastKnownFileType = sourcecode.swift; path = "UIButton+Extension.swift"; sourceTree = "<group>"; };
		CC902C5526CD04BA0017B28F /* UIViewController+Extension.swift */ = {isa = PBXFileReference; lastKnownFileType = sourcecode.swift; path = "UIViewController+Extension.swift"; sourceTree = "<group>"; };
		CC902C5926CD1AC90017B28F /* Research.swift */ = {isa = PBXFileReference; fileEncoding = 4; lastKnownFileType = sourcecode.swift; path = Research.swift; sourceTree = "<group>"; };
		CC902C5A26CD1ACA0017B28F /* DictionaryEncodable.swift */ = {isa = PBXFileReference; fileEncoding = 4; lastKnownFileType = sourcecode.swift; path = DictionaryEncodable.swift; sourceTree = "<group>"; };
		CC902C5D26CD1AD40017B28F /* ResearchAPI.swift */ = {isa = PBXFileReference; fileEncoding = 4; lastKnownFileType = sourcecode.swift; path = ResearchAPI.swift; sourceTree = "<group>"; };
		CC902C5E26CD1AD40017B28F /* BaseAPI.swift */ = {isa = PBXFileReference; fileEncoding = 4; lastKnownFileType = sourcecode.swift; path = BaseAPI.swift; sourceTree = "<group>"; };
		CC902C6126CD1E540017B28F /* EmailEntryViewController.swift */ = {isa = PBXFileReference; lastKnownFileType = sourcecode.swift; path = EmailEntryViewController.swift; sourceTree = "<group>"; };
		CC902C6326CD20600017B28F /* String+Extension.swift */ = {isa = PBXFileReference; lastKnownFileType = sourcecode.swift; path = "String+Extension.swift"; sourceTree = "<group>"; };
		CCC274F826994469003F2CF1 /* GoogleService-Info.plist */ = {isa = PBXFileReference; fileEncoding = 4; lastKnownFileType = text.plist.xml; path = "GoogleService-Info.plist"; sourceTree = "<group>"; };
		CCC274FA26994B3E003F2CF1 /* yeonguham.entitlements */ = {isa = PBXFileReference; lastKnownFileType = text.plist.entitlements; path = yeonguham.entitlements; sourceTree = "<group>"; };
		CCC274FB2699578E003F2CF1 /* FirebaseAuthentication.swift */ = {isa = PBXFileReference; lastKnownFileType = sourcecode.swift; path = FirebaseAuthentication.swift; sourceTree = "<group>"; };
/* End PBXFileReference section */

/* Begin PBXFrameworksBuildPhase section */
		CC8FDEF6265D45EB00E3FE3B /* Frameworks */ = {
			isa = PBXFrameworksBuildPhase;
			buildActionMask = 2147483647;
			files = (
				76A1DB5B46AF24F15E623FD3 /* Pods_yeonguham.framework in Frameworks */,
			);
			runOnlyForDeploymentPostprocessing = 0;
		};
/* End PBXFrameworksBuildPhase section */

/* Begin PBXGroup section */
		3D1F3A88B595590B74CF7D86 /* Frameworks */ = {
			isa = PBXGroup;
			children = (
				B0D4B1864F3287566088F29A /* Pods_yeonguham.framework */,
			);
			name = Frameworks;
			sourceTree = "<group>";
		};
		8C06BED39340B6AB08FD12E6 /* Pods */ = {
			isa = PBXGroup;
			children = (
				017299EB97E34B7CECB9DC28 /* Pods-yeonguham.debug.xcconfig */,
				9F12412BDD7B22C18375369C /* Pods-yeonguham.release.xcconfig */,
			);
			path = Pods;
			sourceTree = "<group>";
		};
		CC100BD52695E1CD005EED21 /* SignUp */ = {
			isa = PBXGroup;
			children = (
				CC437F27265E16AC00FBD42D /* NicknameViewController.swift */,
				CC100BD62695E1E5005EED21 /* EmailValidationViewController.swift */,
				CC902C6126CD1E540017B28F /* EmailEntryViewController.swift */,
			);
			path = SignUp;
			sourceTree = "<group>";
		};
		CC21948F26C3E58A00358FE2 /* yeonguhamUI */ = {
			isa = PBXGroup;
			children = (
				CC21949026C3E6A300358FE2 /* UnderlinedTextField.swift */,
				CC21949626C4096700358FE2 /* CalenderDatePicker.swift */,
				CC902C5126CCE7C60017B28F /* LongHorizontalButton.swift */,
			);
			path = yeonguhamUI;
			sourceTree = "<group>";
		};
		CC437F1C265E079800FBD42D /* SignUp */ = {
			isa = PBXGroup;
			children = (
				CC8FDF02265D45EB00E3FE3B /* Main.storyboard */,
				CC100BD82695E20C005EED21 /* EmailValidation.storyboard */,
			);
			path = SignUp;
			sourceTree = "<group>";
		};
		CC8FDEF0265D45EB00E3FE3B = {
			isa = PBXGroup;
			children = (
				CCC274FA26994B3E003F2CF1 /* yeonguham.entitlements */,
				CC8FDF10265D468200E3FE3B /* Resources */,
				CC8FDF11265D468A00E3FE3B /* Sources */,
				CC8FDEFA265D45EB00E3FE3B /* Products */,
				8C06BED39340B6AB08FD12E6 /* Pods */,
				3D1F3A88B595590B74CF7D86 /* Frameworks */,
			);
			sourceTree = "<group>";
		};
		CC8FDEFA265D45EB00E3FE3B /* Products */ = {
			isa = PBXGroup;
			children = (
				CC8FDEF9265D45EB00E3FE3B /* yeonguham.app */,
			);
			name = Products;
			path = ..;
			sourceTree = "<group>";
		};
		CC8FDF10265D468200E3FE3B /* Resources */ = {
			isa = PBXGroup;
			children = (
				CCC274F826994469003F2CF1 /* GoogleService-Info.plist */,
				CC8FDF12265D469300E3FE3B /* Fonts */,
				CC8FDF0A265D45ED00E3FE3B /* Info.plist */,
				CC8FDF05265D45ED00E3FE3B /* Assets.xcassets */,
				CC8FDF1C265D472600E3FE3B /* Colors.xcassets */,
				CC8FDF14265D46AF00E3FE3B /* Constant */,
				CC8FDF13265D469D00E3FE3B /* Storyboard */,
			);
			path = Resources;
			sourceTree = "<group>";
		};
		CC8FDF11265D468A00E3FE3B /* Sources */ = {
			isa = PBXGroup;
			children = (
				CC21948F26C3E58A00358FE2 /* yeonguhamUI */,
				CC8FDEFC265D45EB00E3FE3B /* AppDelegate.swift */,
				CC8FDEFE265D45EB00E3FE3B /* SceneDelegate.swift */,
				CC8FDF1A265D46EC00E3FE3B /* Model */,
				CC8FDF18265D46DB00E3FE3B /* APIService */,
				CC8FDF17265D46D400E3FE3B /* View */,
				CC8FDF19265D46E400E3FE3B /* Cell */,
				CC8FDF16265D46C300E3FE3B /* ViewController */,
				CC8FDF1B265D470C00E3FE3B /* Extension */,
				CC8FDF15265D46B800E3FE3B /* Utils */,
			);
			path = Sources;
			sourceTree = "<group>";
		};
		CC8FDF12265D469300E3FE3B /* Fonts */ = {
			isa = PBXGroup;
			children = (
				CC100BC72695CEC8005EED21 /* GmarketSansTTFBold.ttf */,
				CC100BC52695CEC8005EED21 /* GmarketSansTTFLight.ttf */,
				CC100BC62695CEC8005EED21 /* GmarketSansTTFMedium.ttf */,
				CC437F0A265E061000FBD42D /* NotoSansKR-Black.otf */,
				CC437F11265E061000FBD42D /* NotoSansKR-Bold.otf */,
				CC437F0D265E061000FBD42D /* NotoSansKR-Light.otf */,
				CC437F10265E061000FBD42D /* NotoSansKR-Medium.otf */,
				CC437F09265E061000FBD42D /* NotoSansKR-Regular.otf */,
				CC437F0E265E061000FBD42D /* NotoSansKR-Thin.otf */,
			);
			path = Fonts;
			sourceTree = "<group>";
		};
		CC8FDF13265D469D00E3FE3B /* Storyboard */ = {
			isa = PBXGroup;
			children = (
				CC437F1C265E079800FBD42D /* SignUp */,
				CC8FDF1F265D477E00E3FE3B /* Base.Iproj */,
			);
			path = Storyboard;
			sourceTree = "<group>";
		};
		CC8FDF14265D46AF00E3FE3B /* Constant */ = {
			isa = PBXGroup;
			children = (
				CC437F21265E0FBF00FBD42D /* Const.swift */,
				CC437F23265E0FCF00FBD42D /* Storyboard.swift */,
			);
			path = Constant;
			sourceTree = "<group>";
		};
		CC8FDF15265D46B800E3FE3B /* Utils */ = {
			isa = PBXGroup;
			children = (
				CCC274FB2699578E003F2CF1 /* FirebaseAuthentication.swift */,
			);
			path = Utils;
			sourceTree = "<group>";
		};
		CC8FDF16265D46C300E3FE3B /* ViewController */ = {
			isa = PBXGroup;
			children = (
				CC100BD52695E1CD005EED21 /* SignUp */,
				CC8FDF00265D45EB00E3FE3B /* ViewController.swift */,
				CC437F1F265E0FAA00FBD42D /* MainViewController.swift */,
				CC21948D26C3E32400358FE2 /* ResearchCreateViewController.swift */,
				CC21948926C3DF6200358FE2 /* TestViewController.swift */,
			);
			path = ViewController;
			sourceTree = "<group>";
		};
		CC8FDF17265D46D400E3FE3B /* View */ = {
			isa = PBXGroup;
			children = (
				CC100BCD2695D0AE005EED21 /* SignUpTextField.swift */,
			);
			path = View;
			sourceTree = "<group>";
		};
		CC8FDF18265D46DB00E3FE3B /* APIService */ = {
			isa = PBXGroup;
			children = (
				CC902C5E26CD1AD40017B28F /* BaseAPI.swift */,
				CC902C5D26CD1AD40017B28F /* ResearchAPI.swift */,
			);
			path = APIService;
			sourceTree = "<group>";
		};
		CC8FDF19265D46E400E3FE3B /* Cell */ = {
			isa = PBXGroup;
			children = (
			);
			path = Cell;
			sourceTree = "<group>";
		};
		CC8FDF1A265D46EC00E3FE3B /* Model */ = {
			isa = PBXGroup;
			children = (
				CC902C5A26CD1ACA0017B28F /* DictionaryEncodable.swift */,
				CC902C5926CD1AC90017B28F /* Research.swift */,
			);
			path = Model;
			sourceTree = "<group>";
		};
		CC8FDF1B265D470C00E3FE3B /* Extension */ = {
			isa = PBXGroup;
			children = (
				CC437F1D265E0F6900FBD42D /* UIView+Extension.swift */,
				CC21949226C3E75000358FE2 /* UIColor+Extension.swift */,
				CC21949426C3E8ED00358FE2 /* UIFont+Extension.swift */,
				CC902C5326CCEF690017B28F /* UIButton+Extension.swift */,
				CC902C5526CD04BA0017B28F /* UIViewController+Extension.swift */,
				CC902C6326CD20600017B28F /* String+Extension.swift */,
			);
			path = Extension;
			sourceTree = "<group>";
		};
		CC8FDF1F265D477E00E3FE3B /* Base.Iproj */ = {
			isa = PBXGroup;
			children = (
				CC485013265D55AF003BCE67 /* Launch Screen.storyboard */,
			);
			path = Base.Iproj;
			sourceTree = "<group>";
		};
/* End PBXGroup section */

/* Begin PBXNativeTarget section */
		CC8FDEF8265D45EB00E3FE3B /* yeonguham */ = {
			isa = PBXNativeTarget;
			buildConfigurationList = CC8FDF0D265D45ED00E3FE3B /* Build configuration list for PBXNativeTarget "yeonguham" */;
			buildPhases = (
				4BCB84F63649238EC3D1FB96 /* [CP] Check Pods Manifest.lock */,
				CC8FDEF5265D45EB00E3FE3B /* Sources */,
				CC8FDEF6265D45EB00E3FE3B /* Frameworks */,
				CC8FDEF7265D45EB00E3FE3B /* Resources */,
				B7EC4117685BF34480DAD29D /* [CP] Embed Pods Frameworks */,
				5F20DA1FFE562A8F2E33522A /* [CP] Copy Pods Resources */,
			);
			buildRules = (
			);
			dependencies = (
			);
			name = yeonguham;
			productName = yeonguham;
			productReference = CC8FDEF9265D45EB00E3FE3B /* yeonguham.app */;
			productType = "com.apple.product-type.application";
		};
/* End PBXNativeTarget section */

/* Begin PBXProject section */
		CC8FDEF1265D45EB00E3FE3B /* Project object */ = {
			isa = PBXProject;
			attributes = {
				LastSwiftUpdateCheck = 1250;
				LastUpgradeCheck = 1250;
				TargetAttributes = {
					CC8FDEF8265D45EB00E3FE3B = {
						CreatedOnToolsVersion = 12.5;
					};
				};
			};
			buildConfigurationList = CC8FDEF4265D45EB00E3FE3B /* Build configuration list for PBXProject "yeonguham" */;
			compatibilityVersion = "Xcode 9.3";
			developmentRegion = en;
			hasScannedForEncodings = 0;
			knownRegions = (
				en,
				Base,
			);
			mainGroup = CC8FDEF0265D45EB00E3FE3B;
			productRefGroup = CC8FDEFA265D45EB00E3FE3B /* Products */;
			projectDirPath = "";
			projectRoot = "";
			targets = (
				CC8FDEF8265D45EB00E3FE3B /* yeonguham */,
			);
		};
/* End PBXProject section */

/* Begin PBXResourcesBuildPhase section */
		CC8FDEF7265D45EB00E3FE3B /* Resources */ = {
			isa = PBXResourcesBuildPhase;
			buildActionMask = 2147483647;
			files = (
				CC437F13265E061000FBD42D /* NotoSansKR-Black.otf in Resources */,
				CC8FDF1D265D472600E3FE3B /* Colors.xcassets in Resources */,
				CC100BD92695E20C005EED21 /* EmailValidation.storyboard in Resources */,
				CC8FDF06265D45ED00E3FE3B /* Assets.xcassets in Resources */,
				CC8FDF04265D45EB00E3FE3B /* Main.storyboard in Resources */,
				CC437F16265E061000FBD42D /* NotoSansKR-Light.otf in Resources */,
				CC437F12265E061000FBD42D /* NotoSansKR-Regular.otf in Resources */,
				CC100BCA2695CEC8005EED21 /* GmarketSansTTFBold.ttf in Resources */,
				CCC274F926994469003F2CF1 /* GoogleService-Info.plist in Resources */,
				CC437F1A265E061000FBD42D /* NotoSansKR-Bold.otf in Resources */,
				CC485014265D55AF003BCE67 /* Launch Screen.storyboard in Resources */,
				CC100BC82695CEC8005EED21 /* GmarketSansTTFLight.ttf in Resources */,
				CC437F19265E061000FBD42D /* NotoSansKR-Medium.otf in Resources */,
				CC437F17265E061000FBD42D /* NotoSansKR-Thin.otf in Resources */,
				CC100BC92695CEC8005EED21 /* GmarketSansTTFMedium.ttf in Resources */,
			);
			runOnlyForDeploymentPostprocessing = 0;
		};
/* End PBXResourcesBuildPhase section */

/* Begin PBXShellScriptBuildPhase section */
		4BCB84F63649238EC3D1FB96 /* [CP] Check Pods Manifest.lock */ = {
			isa = PBXShellScriptBuildPhase;
			buildActionMask = 2147483647;
			files = (
			);
			inputFileListPaths = (
			);
			inputPaths = (
				"${PODS_PODFILE_DIR_PATH}/Podfile.lock",
				"${PODS_ROOT}/Manifest.lock",
			);
			name = "[CP] Check Pods Manifest.lock";
			outputFileListPaths = (
			);
			outputPaths = (
				"$(DERIVED_FILE_DIR)/Pods-yeonguham-checkManifestLockResult.txt",
			);
			runOnlyForDeploymentPostprocessing = 0;
			shellPath = /bin/sh;
			shellScript = "diff \"${PODS_PODFILE_DIR_PATH}/Podfile.lock\" \"${PODS_ROOT}/Manifest.lock\" > /dev/null\nif [ $? != 0 ] ; then\n    # print error to STDERR\n    echo \"error: The sandbox is not in sync with the Podfile.lock. Run 'pod install' or update your CocoaPods installation.\" >&2\n    exit 1\nfi\n# This output is used by Xcode 'outputs' to avoid re-running this script phase.\necho \"SUCCESS\" > \"${SCRIPT_OUTPUT_FILE_0}\"\n";
			showEnvVarsInLog = 0;
		};
		5F20DA1FFE562A8F2E33522A /* [CP] Copy Pods Resources */ = {
			isa = PBXShellScriptBuildPhase;
			buildActionMask = 2147483647;
			files = (
			);
			inputFileListPaths = (
				"${PODS_ROOT}/Target Support Files/Pods-yeonguham/Pods-yeonguham-resources-${CONFIGURATION}-input-files.xcfilelist",
			);
			name = "[CP] Copy Pods Resources";
			outputFileListPaths = (
				"${PODS_ROOT}/Target Support Files/Pods-yeonguham/Pods-yeonguham-resources-${CONFIGURATION}-output-files.xcfilelist",
			);
			runOnlyForDeploymentPostprocessing = 0;
			shellPath = /bin/sh;
			shellScript = "\"${PODS_ROOT}/Target Support Files/Pods-yeonguham/Pods-yeonguham-resources.sh\"\n";
			showEnvVarsInLog = 0;
		};
		B7EC4117685BF34480DAD29D /* [CP] Embed Pods Frameworks */ = {
			isa = PBXShellScriptBuildPhase;
			buildActionMask = 2147483647;
			files = (
			);
			inputFileListPaths = (
				"${PODS_ROOT}/Target Support Files/Pods-yeonguham/Pods-yeonguham-frameworks-${CONFIGURATION}-input-files.xcfilelist",
			);
			name = "[CP] Embed Pods Frameworks";
			outputFileListPaths = (
				"${PODS_ROOT}/Target Support Files/Pods-yeonguham/Pods-yeonguham-frameworks-${CONFIGURATION}-output-files.xcfilelist",
			);
			runOnlyForDeploymentPostprocessing = 0;
			shellPath = /bin/sh;
			shellScript = "\"${PODS_ROOT}/Target Support Files/Pods-yeonguham/Pods-yeonguham-frameworks.sh\"\n";
			showEnvVarsInLog = 0;
		};
/* End PBXShellScriptBuildPhase section */

/* Begin PBXSourcesBuildPhase section */
		CC8FDEF5265D45EB00E3FE3B /* Sources */ = {
			isa = PBXSourcesBuildPhase;
			buildActionMask = 2147483647;
			files = (
				CC21948A26C3DF6200358FE2 /* TestViewController.swift in Sources */,
				CC21948E26C3E32400358FE2 /* ResearchCreateViewController.swift in Sources */,
				CC8FDF01265D45EB00E3FE3B /* ViewController.swift in Sources */,
				CC902C5B26CD1ACA0017B28F /* Research.swift in Sources */,
				CC8FDEFD265D45EB00E3FE3B /* AppDelegate.swift in Sources */,
				CC902C5C26CD1ACA0017B28F /* DictionaryEncodable.swift in Sources */,
				CC902C6426CD20600017B28F /* String+Extension.swift in Sources */,
				CC902C5F26CD1AD40017B28F /* ResearchAPI.swift in Sources */,
				CC21949326C3E75000358FE2 /* UIColor+Extension.swift in Sources */,
				CC437F1E265E0F6900FBD42D /* UIView+Extension.swift in Sources */,
				CC21949526C3E8ED00358FE2 /* UIFont+Extension.swift in Sources */,
				CC902C5426CCEF690017B28F /* UIButton+Extension.swift in Sources */,
				CC437F24265E0FCF00FBD42D /* Storyboard.swift in Sources */,
				CC100BD72695E1E5005EED21 /* EmailValidationViewController.swift in Sources */,
				CC21949726C4096700358FE2 /* CalenderDatePicker.swift in Sources */,
				CC902C6226CD1E540017B28F /* EmailEntryViewController.swift in Sources */,
				CC902C5626CD04BA0017B28F /* UIViewController+Extension.swift in Sources */,
				CC21949126C3E6A300358FE2 /* UnderlinedTextField.swift in Sources */,
				CC437F28265E16AC00FBD42D /* NicknameViewController.swift in Sources */,
				CCC274FC2699578E003F2CF1 /* FirebaseAuthentication.swift in Sources */,
				CC8FDEFF265D45EB00E3FE3B /* SceneDelegate.swift in Sources */,
				CC902C5226CCE7C60017B28F /* LongHorizontalButton.swift in Sources */,
				CC100BCE2695D0AE005EED21 /* SignUpTextField.swift in Sources */,
				CC437F20265E0FAA00FBD42D /* MainViewController.swift in Sources */,
				CC437F22265E0FBF00FBD42D /* Const.swift in Sources */,
				CC902C6026CD1AD40017B28F /* BaseAPI.swift in Sources */,
			);
			runOnlyForDeploymentPostprocessing = 0;
		};
/* End PBXSourcesBuildPhase section */

/* Begin PBXVariantGroup section */
		CC8FDF02265D45EB00E3FE3B /* Main.storyboard */ = {
			isa = PBXVariantGroup;
			children = (
				CC8FDF03265D45EB00E3FE3B /* Base */,
			);
			name = Main.storyboard;
			sourceTree = "<group>";
		};
/* End PBXVariantGroup section */

/* Begin XCBuildConfiguration section */
		CC8FDF0B265D45ED00E3FE3B /* Debug */ = {
			isa = XCBuildConfiguration;
			buildSettings = {
				ALWAYS_SEARCH_USER_PATHS = NO;
				CLANG_ANALYZER_NONNULL = YES;
				CLANG_ANALYZER_NUMBER_OBJECT_CONVERSION = YES_AGGRESSIVE;
				CLANG_CXX_LANGUAGE_STANDARD = "gnu++14";
				CLANG_CXX_LIBRARY = "libc++";
				CLANG_ENABLE_MODULES = YES;
				CLANG_ENABLE_OBJC_ARC = YES;
				CLANG_ENABLE_OBJC_WEAK = YES;
				CLANG_WARN_BLOCK_CAPTURE_AUTORELEASING = YES;
				CLANG_WARN_BOOL_CONVERSION = YES;
				CLANG_WARN_COMMA = YES;
				CLANG_WARN_CONSTANT_CONVERSION = YES;
				CLANG_WARN_DEPRECATED_OBJC_IMPLEMENTATIONS = YES;
				CLANG_WARN_DIRECT_OBJC_ISA_USAGE = YES_ERROR;
				CLANG_WARN_DOCUMENTATION_COMMENTS = YES;
				CLANG_WARN_EMPTY_BODY = YES;
				CLANG_WARN_ENUM_CONVERSION = YES;
				CLANG_WARN_INFINITE_RECURSION = YES;
				CLANG_WARN_INT_CONVERSION = YES;
				CLANG_WARN_NON_LITERAL_NULL_CONVERSION = YES;
				CLANG_WARN_OBJC_IMPLICIT_RETAIN_SELF = YES;
				CLANG_WARN_OBJC_LITERAL_CONVERSION = YES;
				CLANG_WARN_OBJC_ROOT_CLASS = YES_ERROR;
				CLANG_WARN_QUOTED_INCLUDE_IN_FRAMEWORK_HEADER = YES;
				CLANG_WARN_RANGE_LOOP_ANALYSIS = YES;
				CLANG_WARN_STRICT_PROTOTYPES = YES;
				CLANG_WARN_SUSPICIOUS_MOVE = YES;
				CLANG_WARN_UNGUARDED_AVAILABILITY = YES_AGGRESSIVE;
				CLANG_WARN_UNREACHABLE_CODE = YES;
				CLANG_WARN__DUPLICATE_METHOD_MATCH = YES;
				COPY_PHASE_STRIP = NO;
				DEBUG_INFORMATION_FORMAT = dwarf;
				ENABLE_STRICT_OBJC_MSGSEND = YES;
				ENABLE_TESTABILITY = YES;
				GCC_C_LANGUAGE_STANDARD = gnu11;
				GCC_DYNAMIC_NO_PIC = NO;
				GCC_NO_COMMON_BLOCKS = YES;
				GCC_OPTIMIZATION_LEVEL = 0;
				GCC_PREPROCESSOR_DEFINITIONS = (
					"DEBUG=1",
					"$(inherited)",
				);
				GCC_WARN_64_TO_32_BIT_CONVERSION = YES;
				GCC_WARN_ABOUT_RETURN_TYPE = YES_ERROR;
				GCC_WARN_UNDECLARED_SELECTOR = YES;
				GCC_WARN_UNINITIALIZED_AUTOS = YES_AGGRESSIVE;
				GCC_WARN_UNUSED_FUNCTION = YES;
				GCC_WARN_UNUSED_VARIABLE = YES;
				IPHONEOS_DEPLOYMENT_TARGET = 14.5;
				MTL_ENABLE_DEBUG_INFO = INCLUDE_SOURCE;
				MTL_FAST_MATH = YES;
				ONLY_ACTIVE_ARCH = YES;
				SDKROOT = iphoneos;
				SWIFT_ACTIVE_COMPILATION_CONDITIONS = DEBUG;
				SWIFT_OPTIMIZATION_LEVEL = "-Onone";
			};
			name = Debug;
		};
		CC8FDF0C265D45ED00E3FE3B /* Release */ = {
			isa = XCBuildConfiguration;
			buildSettings = {
				ALWAYS_SEARCH_USER_PATHS = NO;
				CLANG_ANALYZER_NONNULL = YES;
				CLANG_ANALYZER_NUMBER_OBJECT_CONVERSION = YES_AGGRESSIVE;
				CLANG_CXX_LANGUAGE_STANDARD = "gnu++14";
				CLANG_CXX_LIBRARY = "libc++";
				CLANG_ENABLE_MODULES = YES;
				CLANG_ENABLE_OBJC_ARC = YES;
				CLANG_ENABLE_OBJC_WEAK = YES;
				CLANG_WARN_BLOCK_CAPTURE_AUTORELEASING = YES;
				CLANG_WARN_BOOL_CONVERSION = YES;
				CLANG_WARN_COMMA = YES;
				CLANG_WARN_CONSTANT_CONVERSION = YES;
				CLANG_WARN_DEPRECATED_OBJC_IMPLEMENTATIONS = YES;
				CLANG_WARN_DIRECT_OBJC_ISA_USAGE = YES_ERROR;
				CLANG_WARN_DOCUMENTATION_COMMENTS = YES;
				CLANG_WARN_EMPTY_BODY = YES;
				CLANG_WARN_ENUM_CONVERSION = YES;
				CLANG_WARN_INFINITE_RECURSION = YES;
				CLANG_WARN_INT_CONVERSION = YES;
				CLANG_WARN_NON_LITERAL_NULL_CONVERSION = YES;
				CLANG_WARN_OBJC_IMPLICIT_RETAIN_SELF = YES;
				CLANG_WARN_OBJC_LITERAL_CONVERSION = YES;
				CLANG_WARN_OBJC_ROOT_CLASS = YES_ERROR;
				CLANG_WARN_QUOTED_INCLUDE_IN_FRAMEWORK_HEADER = YES;
				CLANG_WARN_RANGE_LOOP_ANALYSIS = YES;
				CLANG_WARN_STRICT_PROTOTYPES = YES;
				CLANG_WARN_SUSPICIOUS_MOVE = YES;
				CLANG_WARN_UNGUARDED_AVAILABILITY = YES_AGGRESSIVE;
				CLANG_WARN_UNREACHABLE_CODE = YES;
				CLANG_WARN__DUPLICATE_METHOD_MATCH = YES;
				COPY_PHASE_STRIP = NO;
				DEBUG_INFORMATION_FORMAT = "dwarf-with-dsym";
				ENABLE_NS_ASSERTIONS = NO;
				ENABLE_STRICT_OBJC_MSGSEND = YES;
				GCC_C_LANGUAGE_STANDARD = gnu11;
				GCC_NO_COMMON_BLOCKS = YES;
				GCC_WARN_64_TO_32_BIT_CONVERSION = YES;
				GCC_WARN_ABOUT_RETURN_TYPE = YES_ERROR;
				GCC_WARN_UNDECLARED_SELECTOR = YES;
				GCC_WARN_UNINITIALIZED_AUTOS = YES_AGGRESSIVE;
				GCC_WARN_UNUSED_FUNCTION = YES;
				GCC_WARN_UNUSED_VARIABLE = YES;
				IPHONEOS_DEPLOYMENT_TARGET = 14.5;
				MTL_ENABLE_DEBUG_INFO = NO;
				MTL_FAST_MATH = YES;
				SDKROOT = iphoneos;
				SWIFT_COMPILATION_MODE = wholemodule;
				SWIFT_OPTIMIZATION_LEVEL = "-O";
				VALIDATE_PRODUCT = YES;
			};
			name = Release;
		};
		CC8FDF0E265D45ED00E3FE3B /* Debug */ = {
			isa = XCBuildConfiguration;
			baseConfigurationReference = 017299EB97E34B7CECB9DC28 /* Pods-yeonguham.debug.xcconfig */;
			buildSettings = {
				ASSETCATALOG_COMPILER_APPICON_NAME = AppIcon;
				ASSETCATALOG_COMPILER_GLOBAL_ACCENT_COLOR_NAME = AccentColor;
				CODE_SIGN_ENTITLEMENTS = yeonguham.entitlements;
				CODE_SIGN_STYLE = Automatic;
				DEVELOPMENT_TEAM = ZB44VD5WX7;
				INFOPLIST_FILE = Resources/Info.plist;
				LD_RUNPATH_SEARCH_PATHS = (
					"$(inherited)",
					"@executable_path/Frameworks",
				);
				PRODUCT_BUNDLE_IDENTIFIER = com.wafflestudio.yeonguham;
				PRODUCT_NAME = "$(TARGET_NAME)";
				SWIFT_VERSION = 5.0;
				TARGETED_DEVICE_FAMILY = "1,2";
			};
			name = Debug;
		};
		CC8FDF0F265D45ED00E3FE3B /* Release */ = {
			isa = XCBuildConfiguration;
			baseConfigurationReference = 9F12412BDD7B22C18375369C /* Pods-yeonguham.release.xcconfig */;
			buildSettings = {
				ASSETCATALOG_COMPILER_APPICON_NAME = AppIcon;
				ASSETCATALOG_COMPILER_GLOBAL_ACCENT_COLOR_NAME = AccentColor;
				CODE_SIGN_ENTITLEMENTS = yeonguham.entitlements;
				CODE_SIGN_STYLE = Automatic;
				DEVELOPMENT_TEAM = ZB44VD5WX7;
				INFOPLIST_FILE = Resources/Info.plist;
				LD_RUNPATH_SEARCH_PATHS = (
					"$(inherited)",
					"@executable_path/Frameworks",
				);
				PRODUCT_BUNDLE_IDENTIFIER = com.wafflestudio.yeonguham;
				PRODUCT_NAME = "$(TARGET_NAME)";
				SWIFT_VERSION = 5.0;
				TARGETED_DEVICE_FAMILY = "1,2";
			};
			name = Release;
		};
/* End XCBuildConfiguration section */

/* Begin XCConfigurationList section */
		CC8FDEF4265D45EB00E3FE3B /* Build configuration list for PBXProject "yeonguham" */ = {
			isa = XCConfigurationList;
			buildConfigurations = (
				CC8FDF0B265D45ED00E3FE3B /* Debug */,
				CC8FDF0C265D45ED00E3FE3B /* Release */,
			);
			defaultConfigurationIsVisible = 0;
			defaultConfigurationName = Release;
		};
		CC8FDF0D265D45ED00E3FE3B /* Build configuration list for PBXNativeTarget "yeonguham" */ = {
			isa = XCConfigurationList;
			buildConfigurations = (
				CC8FDF0E265D45ED00E3FE3B /* Debug */,
				CC8FDF0F265D45ED00E3FE3B /* Release */,
			);
			defaultConfigurationIsVisible = 0;
			defaultConfigurationName = Release;
		};
/* End XCConfigurationList section */
	};
	rootObject = CC8FDEF1265D45EB00E3FE3B /* Project object */;
}
