// !$*UTF8*$!
{
	archiveVersion = 1;
	classes = {
	};
	objectVersion = 50;
	objects = {

/* Begin PBXBuildFile section */
		CC8FDEFD265D45EB00E3FE3B /* AppDelegate.swift in Sources */ = {isa = PBXBuildFile; fileRef = CC8FDEFC265D45EB00E3FE3B /* AppDelegate.swift */; };
		CC8FDEFF265D45EB00E3FE3B /* SceneDelegate.swift in Sources */ = {isa = PBXBuildFile; fileRef = CC8FDEFE265D45EB00E3FE3B /* SceneDelegate.swift */; };
		CC8FDF01265D45EB00E3FE3B /* ViewController.swift in Sources */ = {isa = PBXBuildFile; fileRef = CC8FDF00265D45EB00E3FE3B /* ViewController.swift */; };
		CC8FDF04265D45EB00E3FE3B /* Main.storyboard in Resources */ = {isa = PBXBuildFile; fileRef = CC8FDF02265D45EB00E3FE3B /* Main.storyboard */; };
		CC8FDF06265D45ED00E3FE3B /* Assets.xcassets in Resources */ = {isa = PBXBuildFile; fileRef = CC8FDF05265D45ED00E3FE3B /* Assets.xcassets */; };
		CC8FDF09265D45ED00E3FE3B /* LaunchScreen.storyboard in Resources */ = {isa = PBXBuildFile; fileRef = CC8FDF07265D45ED00E3FE3B /* LaunchScreen.storyboard */; };
/* End PBXBuildFile section */

/* Begin PBXFileReference section */
		CC8FDEF9265D45EB00E3FE3B /* yeonguham.app */ = {isa = PBXFileReference; explicitFileType = wrapper.application; includeInIndex = 0; path = yeonguham.app; sourceTree = BUILT_PRODUCTS_DIR; };
		CC8FDEFC265D45EB00E3FE3B /* AppDelegate.swift */ = {isa = PBXFileReference; lastKnownFileType = sourcecode.swift; path = AppDelegate.swift; sourceTree = "<group>"; };
		CC8FDEFE265D45EB00E3FE3B /* SceneDelegate.swift */ = {isa = PBXFileReference; lastKnownFileType = sourcecode.swift; path = SceneDelegate.swift; sourceTree = "<group>"; };
		CC8FDF00265D45EB00E3FE3B /* ViewController.swift */ = {isa = PBXFileReference; lastKnownFileType = sourcecode.swift; path = ViewController.swift; sourceTree = "<group>"; };
		CC8FDF03265D45EB00E3FE3B /* Base */ = {isa = PBXFileReference; lastKnownFileType = file.storyboard; name = Base; path = Base.lproj/Main.storyboard; sourceTree = "<group>"; };
		CC8FDF05265D45ED00E3FE3B /* Assets.xcassets */ = {isa = PBXFileReference; lastKnownFileType = folder.assetcatalog; path = Assets.xcassets; sourceTree = "<group>"; };
		CC8FDF08265D45ED00E3FE3B /* Base */ = {isa = PBXFileReference; lastKnownFileType = file.storyboard; name = Base; path = Base.lproj/LaunchScreen.storyboard; sourceTree = "<group>"; };
		CC8FDF0A265D45ED00E3FE3B /* Info.plist */ = {isa = PBXFileReference; lastKnownFileType = text.plist.xml; path = Info.plist; sourceTree = "<group>"; };
/* End PBXFileReference section */

/* Begin PBXFrameworksBuildPhase section */
		CC8FDEF6265D45EB00E3FE3B /* Frameworks */ = {
			isa = PBXFrameworksBuildPhase;
			buildActionMask = 2147483647;
			files = (
			);
			runOnlyForDeploymentPostprocessing = 0;
		};
/* End PBXFrameworksBuildPhase section */

/* Begin PBXGroup section */
		CC8FDEF0265D45EB00E3FE3B = {
			isa = PBXGroup;
			children = (
				CC8FDEFB265D45EB00E3FE3B /* yeonguham */,
				CC8FDEFA265D45EB00E3FE3B /* Products */,
			);
			sourceTree = "<group>";
		};
		CC8FDEFA265D45EB00E3FE3B /* Products */ = {
			isa = PBXGroup;
			children = (
				CC8FDEF9265D45EB00E3FE3B /* yeonguham.app */,
			);
			name = Products;
			sourceTree = "<group>";
		};
		CC8FDEFB265D45EB00E3FE3B /* yeonguham */ = {
			isa = PBXGroup;
			children = (
				CC8FDEFC265D45EB00E3FE3B /* AppDelegate.swift */,
				CC8FDEFE265D45EB00E3FE3B /* SceneDelegate.swift */,
				CC8FDF00265D45EB00E3FE3B /* ViewController.swift */,
				CC8FDF02265D45EB00E3FE3B /* Main.storyboard */,
				CC8FDF05265D45ED00E3FE3B /* Assets.xcassets */,
				CC8FDF07265D45ED00E3FE3B /* LaunchScreen.storyboard */,
				CC8FDF0A265D45ED00E3FE3B /* Info.plist */,
			);
			path = yeonguham;
			sourceTree = "<group>";
		};
/* End PBXGroup section */

/* Begin PBXNativeTarget section */
		CC8FDEF8265D45EB00E3FE3B /* yeonguham */ = {
			isa = PBXNativeTarget;
			buildConfigurationList = CC8FDF0D265D45ED00E3FE3B /* Build configuration list for PBXNativeTarget "yeonguham" */;
			buildPhases = (
				CC8FDEF5265D45EB00E3FE3B /* Sources */,
				CC8FDEF6265D45EB00E3FE3B /* Frameworks */,
				CC8FDEF7265D45EB00E3FE3B /* Resources */,
			);
			buildRules = (
			);
			dependencies = (
			);
			name = yeonguham;
			productName = yeonguham;
			productReference = CC8FDEF9265D45EB00E3FE3B /* yeonguham.app */;
			productType = "com.apple.product-type.application";
		};
/* End PBXNativeTarget section */

/* Begin PBXProject section */
		CC8FDEF1265D45EB00E3FE3B /* Project object */ = {
			isa = PBXProject;
			attributes = {
				LastSwiftUpdateCheck = 1250;
				LastUpgradeCheck = 1250;
				TargetAttributes = {
					CC8FDEF8265D45EB00E3FE3B = {
						CreatedOnToolsVersion = 12.5;
					};
				};
			};
			buildConfigurationList = CC8FDEF4265D45EB00E3FE3B /* Build configuration list for PBXProject "yeonguham" */;
			compatibilityVersion = "Xcode 9.3";
			developmentRegion = en;
			hasScannedForEncodings = 0;
			knownRegions = (
				en,
				Base,
			);
			mainGroup = CC8FDEF0265D45EB00E3FE3B;
			productRefGroup = CC8FDEFA265D45EB00E3FE3B /* Products */;
			projectDirPath = "";
			projectRoot = "";
			targets = (
				CC8FDEF8265D45EB00E3FE3B /* yeonguham */,
			);
		};
/* End PBXProject section */

/* Begin PBXResourcesBuildPhase section */
		CC8FDEF7265D45EB00E3FE3B /* Resources */ = {
			isa = PBXResourcesBuildPhase;
			buildActionMask = 2147483647;
			files = (
				CC8FDF09265D45ED00E3FE3B /* LaunchScreen.storyboard in Resources */,
				CC8FDF06265D45ED00E3FE3B /* Assets.xcassets in Resources */,
				CC8FDF04265D45EB00E3FE3B /* Main.storyboard in Resources */,
			);
			runOnlyForDeploymentPostprocessing = 0;
		};
/* End PBXResourcesBuildPhase section */

/* Begin PBXSourcesBuildPhase section */
		CC8FDEF5265D45EB00E3FE3B /* Sources */ = {
			isa = PBXSourcesBuildPhase;
			buildActionMask = 2147483647;
			files = (
				CC8FDF01265D45EB00E3FE3B /* ViewController.swift in Sources */,
				CC8FDEFD265D45EB00E3FE3B /* AppDelegate.swift in Sources */,
				CC8FDEFF265D45EB00E3FE3B /* SceneDelegate.swift in Sources */,
			);
			runOnlyForDeploymentPostprocessing = 0;
		};
/* End PBXSourcesBuildPhase section */

/* Begin PBXVariantGroup section */
		CC8FDF02265D45EB00E3FE3B /* Main.storyboard */ = {
			isa = PBXVariantGroup;
			children = (
				CC8FDF03265D45EB00E3FE3B /* Base */,
			);
			name = Main.storyboard;
			sourceTree = "<group>";
		};
		CC8FDF07265D45ED00E3FE3B /* LaunchScreen.storyboard */ = {
			isa = PBXVariantGroup;
			children = (
				CC8FDF08265D45ED00E3FE3B /* Base */,
			);
			name = LaunchScreen.storyboard;
			sourceTree = "<group>";
		};
/* End PBXVariantGroup section */

/* Begin XCBuildConfiguration section */
		CC8FDF0B265D45ED00E3FE3B /* Debug */ = {
			isa = XCBuildConfiguration;
			buildSettings = {
				ALWAYS_SEARCH_USER_PATHS = NO;
				CLANG_ANALYZER_NONNULL = YES;
				CLANG_ANALYZER_NUMBER_OBJECT_CONVERSION = YES_AGGRESSIVE;
				CLANG_CXX_LANGUAGE_STANDARD = "gnu++14";
				CLANG_CXX_LIBRARY = "libc++";
				CLANG_ENABLE_MODULES = YES;
				CLANG_ENABLE_OBJC_ARC = YES;
				CLANG_ENABLE_OBJC_WEAK = YES;
				CLANG_WARN_BLOCK_CAPTURE_AUTORELEASING = YES;
				CLANG_WARN_BOOL_CONVERSION = YES;
				CLANG_WARN_COMMA = YES;
				CLANG_WARN_CONSTANT_CONVERSION = YES;
				CLANG_WARN_DEPRECATED_OBJC_IMPLEMENTATIONS = YES;
				CLANG_WARN_DIRECT_OBJC_ISA_USAGE = YES_ERROR;
				CLANG_WARN_DOCUMENTATION_COMMENTS = YES;
				CLANG_WARN_EMPTY_BODY = YES;
				CLANG_WARN_ENUM_CONVERSION = YES;
				CLANG_WARN_INFINITE_RECURSION = YES;
				CLANG_WARN_INT_CONVERSION = YES;
				CLANG_WARN_NON_LITERAL_NULL_CONVERSION = YES;
				CLANG_WARN_OBJC_IMPLICIT_RETAIN_SELF = YES;
				CLANG_WARN_OBJC_LITERAL_CONVERSION = YES;
				CLANG_WARN_OBJC_ROOT_CLASS = YES_ERROR;
				CLANG_WARN_QUOTED_INCLUDE_IN_FRAMEWORK_HEADER = YES;
				CLANG_WARN_RANGE_LOOP_ANALYSIS = YES;
				CLANG_WARN_STRICT_PROTOTYPES = YES;
				CLANG_WARN_SUSPICIOUS_MOVE = YES;
				CLANG_WARN_UNGUARDED_AVAILABILITY = YES_AGGRESSIVE;
				CLANG_WARN_UNREACHABLE_CODE = YES;
				CLANG_WARN__DUPLICATE_METHOD_MATCH = YES;
				COPY_PHASE_STRIP = NO;
				DEBUG_INFORMATION_FORMAT = dwarf;
				ENABLE_STRICT_OBJC_MSGSEND = YES;
				ENABLE_TESTABILITY = YES;
				GCC_C_LANGUAGE_STANDARD = gnu11;
				GCC_DYNAMIC_NO_PIC = NO;
				GCC_NO_COMMON_BLOCKS = YES;
				GCC_OPTIMIZATION_LEVEL = 0;
				GCC_PREPROCESSOR_DEFINITIONS = (
					"DEBUG=1",
					"$(inherited)",
				);
				GCC_WARN_64_TO_32_BIT_CONVERSION = YES;
				GCC_WARN_ABOUT_RETURN_TYPE = YES_ERROR;
				GCC_WARN_UNDECLARED_SELECTOR = YES;
				GCC_WARN_UNINITIALIZED_AUTOS = YES_AGGRESSIVE;
				GCC_WARN_UNUSED_FUNCTION = YES;
				GCC_WARN_UNUSED_VARIABLE = YES;
				IPHONEOS_DEPLOYMENT_TARGET = 14.5;
				MTL_ENABLE_DEBUG_INFO = INCLUDE_SOURCE;
				MTL_FAST_MATH = YES;
				ONLY_ACTIVE_ARCH = YES;
				SDKROOT = iphoneos;
				SWIFT_ACTIVE_COMPILATION_CONDITIONS = DEBUG;
				SWIFT_OPTIMIZATION_LEVEL = "-Onone";
			};
			name = Debug;
		};
		CC8FDF0C265D45ED00E3FE3B /* Release */ = {
			isa = XCBuildConfiguration;
			buildSettings = {
				ALWAYS_SEARCH_USER_PATHS = NO;
				CLANG_ANALYZER_NONNULL = YES;
				CLANG_ANALYZER_NUMBER_OBJECT_CONVERSION = YES_AGGRESSIVE;
				CLANG_CXX_LANGUAGE_STANDARD = "gnu++14";
				CLANG_CXX_LIBRARY = "libc++";
				CLANG_ENABLE_MODULES = YES;
				CLANG_ENABLE_OBJC_ARC = YES;
				CLANG_ENABLE_OBJC_WEAK = YES;
				CLANG_WARN_BLOCK_CAPTURE_AUTORELEASING = YES;
				CLANG_WARN_BOOL_CONVERSION = YES;
				CLANG_WARN_COMMA = YES;
				CLANG_WARN_CONSTANT_CONVERSION = YES;
				CLANG_WARN_DEPRECATED_OBJC_IMPLEMENTATIONS = YES;
				CLANG_WARN_DIRECT_OBJC_ISA_USAGE = YES_ERROR;
				CLANG_WARN_DOCUMENTATION_COMMENTS = YES;
				CLANG_WARN_EMPTY_BODY = YES;
				CLANG_WARN_ENUM_CONVERSION = YES;
				CLANG_WARN_INFINITE_RECURSION = YES;
				CLANG_WARN_INT_CONVERSION = YES;
				CLANG_WARN_NON_LITERAL_NULL_CONVERSION = YES;
				CLANG_WARN_OBJC_IMPLICIT_RETAIN_SELF = YES;
				CLANG_WARN_OBJC_LITERAL_CONVERSION = YES;
				CLANG_WARN_OBJC_ROOT_CLASS = YES_ERROR;
				CLANG_WARN_QUOTED_INCLUDE_IN_FRAMEWORK_HEADER = YES;
				CLANG_WARN_RANGE_LOOP_ANALYSIS = YES;
				CLANG_WARN_STRICT_PROTOTYPES = YES;
				CLANG_WARN_SUSPICIOUS_MOVE = YES;
				CLANG_WARN_UNGUARDED_AVAILABILITY = YES_AGGRESSIVE;
				CLANG_WARN_UNREACHABLE_CODE = YES;
				CLANG_WARN__DUPLICATE_METHOD_MATCH = YES;
				COPY_PHASE_STRIP = NO;
				DEBUG_INFORMATION_FORMAT = "dwarf-with-dsym";
				ENABLE_NS_ASSERTIONS = NO;
				ENABLE_STRICT_OBJC_MSGSEND = YES;
				GCC_C_LANGUAGE_STANDARD = gnu11;
				GCC_NO_COMMON_BLOCKS = YES;
				GCC_WARN_64_TO_32_BIT_CONVERSION = YES;
				GCC_WARN_ABOUT_RETURN_TYPE = YES_ERROR;
				GCC_WARN_UNDECLARED_SELECTOR = YES;
				GCC_WARN_UNINITIALIZED_AUTOS = YES_AGGRESSIVE;
				GCC_WARN_UNUSED_FUNCTION = YES;
				GCC_WARN_UNUSED_VARIABLE = YES;
				IPHONEOS_DEPLOYMENT_TARGET = 14.5;
				MTL_ENABLE_DEBUG_INFO = NO;
				MTL_FAST_MATH = YES;
				SDKROOT = iphoneos;
				SWIFT_COMPILATION_MODE = wholemodule;
				SWIFT_OPTIMIZATION_LEVEL = "-O";
				VALIDATE_PRODUCT = YES;
			};
			name = Release;
		};
		CC8FDF0E265D45ED00E3FE3B /* Debug */ = {
			isa = XCBuildConfiguration;
			buildSettings = {
				ASSETCATALOG_COMPILER_APPICON_NAME = AppIcon;
				ASSETCATALOG_COMPILER_GLOBAL_ACCENT_COLOR_NAME = AccentColor;
				CODE_SIGN_STYLE = Automatic;
				DEVELOPMENT_TEAM = ZB44VD5WX7;
				INFOPLIST_FILE = yeonguham/Info.plist;
				LD_RUNPATH_SEARCH_PATHS = (
					"$(inherited)",
					"@executable_path/Frameworks",
				);
				PRODUCT_BUNDLE_IDENTIFIER = com.wafflestudio.yeonguham;
				PRODUCT_NAME = "$(TARGET_NAME)";
				SWIFT_VERSION = 5.0;
				TARGETED_DEVICE_FAMILY = "1,2";
			};
			name = Debug;
		};
		CC8FDF0F265D45ED00E3FE3B /* Release */ = {
			isa = XCBuildConfiguration;
			buildSettings = {
				ASSETCATALOG_COMPILER_APPICON_NAME = AppIcon;
				ASSETCATALOG_COMPILER_GLOBAL_ACCENT_COLOR_NAME = AccentColor;
				CODE_SIGN_STYLE = Automatic;
				DEVELOPMENT_TEAM = ZB44VD5WX7;
				INFOPLIST_FILE = yeonguham/Info.plist;
				LD_RUNPATH_SEARCH_PATHS = (
					"$(inherited)",
					"@executable_path/Frameworks",
				);
				PRODUCT_BUNDLE_IDENTIFIER = com.wafflestudio.yeonguham;
				PRODUCT_NAME = "$(TARGET_NAME)";
				SWIFT_VERSION = 5.0;
				TARGETED_DEVICE_FAMILY = "1,2";
			};
			name = Release;
		};
/* End XCBuildConfiguration section */

/* Begin XCConfigurationList section */
		CC8FDEF4265D45EB00E3FE3B /* Build configuration list for PBXProject "yeonguham" */ = {
			isa = XCConfigurationList;
			buildConfigurations = (
				CC8FDF0B265D45ED00E3FE3B /* Debug */,
				CC8FDF0C265D45ED00E3FE3B /* Release */,
			);
			defaultConfigurationIsVisible = 0;
			defaultConfigurationName = Release;
		};
		CC8FDF0D265D45ED00E3FE3B /* Build configuration list for PBXNativeTarget "yeonguham" */ = {
			isa = XCConfigurationList;
			buildConfigurations = (
				CC8FDF0E265D45ED00E3FE3B /* Debug */,
				CC8FDF0F265D45ED00E3FE3B /* Release */,
			);
			defaultConfigurationIsVisible = 0;
			defaultConfigurationName = Release;
		};
/* End XCConfigurationList section */
	};
	rootObject = CC8FDEF1265D45EB00E3FE3B /* Project object */;
}
